
Microsoft Visual Studio Solution File, Format Version 12.00
# Visual Studio Version 17
VisualStudioVersion = 17.3.32811.315
MinimumVisualStudioVersion = 10.0.40219.1
Project("{FAE04EC0-301F-11D3-BF4B-00C04F79EFBC}") = "HRIS-BE", "HRIS-BE\HRIS-BE.csproj", "{B57BC798-BF59-4617-AC62-F8CA2DB489C5}"
EndProject
Global
	GlobalSection(SolutionConfigurationPlatforms) = preSolution
		Debug|Any CPU = Debug|Any CPU
		Release|Any CPU = Release|Any CPU
	EndGlobalSection
	GlobalSection(ProjectConfigurationPlatforms) = postSolution
		{B57BC798-BF59-4617-AC62-F8CA2DB489C5}.Debug|Any CPU.ActiveCfg = Debug|Any CPU
		{B57BC798-BF59-4617-AC62-F8CA2DB489C5}.Debug|Any CPU.Build.0 = Debug|Any CPU
		{B57BC798-BF59-4617-AC62-F8CA2DB489C5}.Release|Any CPU.ActiveCfg = Release|Any CPU
		{B57BC798-BF59-4617-AC62-F8CA2DB489C5}.Release|Any CPU.Build.0 = Release|Any CPU
	EndGlobalSection
	GlobalSection(SolutionProperties) = preSolution
		HideSolutionNode = FALSE
	EndGlobalSection
	GlobalSection(ExtensibilityGlobals) = postSolution
		SolutionGuid = {3E66CC48-F926-49EF-9BD0-CC36D23E8B76}
	EndGlobalSection
EndGlobal
